
Microsoft Visual Studio Solution File, Format Version 12.00
# Visual Studio Version 17
VisualStudioVersion = 17.4.33110.190
MinimumVisualStudioVersion = 10.0.40219.1
Project("{FAE04EC0-301F-11D3-BF4B-00C04F79EFBC}") = "MagicVilla_VillaAPI", "MagicVilla_VillaAPI\MagicVilla_VillaAPI.csproj", "{7E9104E3-72B4-489E-8372-A2BE201E85CF}"
EndProject
Global
	GlobalSection(SolutionConfigurationPlatforms) = preSolution
		Debug|Any CPU = Debug|Any CPU
		Release|Any CPU = Release|Any CPU
	EndGlobalSection
	GlobalSection(ProjectConfigurationPlatforms) = postSolution
		{7E9104E3-72B4-489E-8372-A2BE201E85CF}.Debug|Any CPU.ActiveCfg = Debug|Any CPU
		{7E9104E3-72B4-489E-8372-A2BE201E85CF}.Debug|Any CPU.Build.0 = Debug|Any CPU
		{7E9104E3-72B4-489E-8372-A2BE201E85CF}.Release|Any CPU.ActiveCfg = Release|Any CPU
		{7E9104E3-72B4-489E-8372-A2BE201E85CF}.Release|Any CPU.Build.0 = Release|Any CPU
	EndGlobalSection
	GlobalSection(SolutionProperties) = preSolution
		HideSolutionNode = FALSE
	EndGlobalSection
	GlobalSection(ExtensibilityGlobals) = postSolution
		SolutionGuid = {F63684E5-7616-4573-A429-CC6D0E0D3F24}
	EndGlobalSection
EndGlobal
